// !$*UTF8*$!
{
	archiveVersion = 1;
	classes = {
	};
	objectVersion = 51;
	objects = {

/* Begin PBXBuildFile section */
		46F2153722DBDF53A093F37F /* Pods_SpaceXLaunches.framework in Frameworks */ = {isa = PBXBuildFile; fileRef = 704D8F08D779DC6B67EB8A28 /* Pods_SpaceXLaunches.framework */; };
		47F522F82600D01500E45FBD /* AppDelegate.swift in Sources */ = {isa = PBXBuildFile; fileRef = 47F522F72600D01500E45FBD /* AppDelegate.swift */; };
		47F522FA2600D01500E45FBD /* SceneDelegate.swift in Sources */ = {isa = PBXBuildFile; fileRef = 47F522F92600D01500E45FBD /* SceneDelegate.swift */; };
		47F522FC2600D01500E45FBD /* SpaceXLaunchesViewController.swift in Sources */ = {isa = PBXBuildFile; fileRef = 47F522FB2600D01500E45FBD /* SpaceXLaunchesViewController.swift */; };
		47F522FF2600D01500E45FBD /* Main.storyboard in Resources */ = {isa = PBXBuildFile; fileRef = 47F522FD2600D01500E45FBD /* Main.storyboard */; };
		47F523022600D01500E45FBD /* SpaceXLaunches.xcdatamodeld in Sources */ = {isa = PBXBuildFile; fileRef = 47F523002600D01500E45FBD /* SpaceXLaunches.xcdatamodeld */; };
		47F523042600D01700E45FBD /* Assets.xcassets in Resources */ = {isa = PBXBuildFile; fileRef = 47F523032600D01700E45FBD /* Assets.xcassets */; };
		47F523072600D01700E45FBD /* LaunchScreen.storyboard in Resources */ = {isa = PBXBuildFile; fileRef = 47F523052600D01700E45FBD /* LaunchScreen.storyboard */; };
		47F5232526015BF500E45FBD /* BaseViewController.swift in Sources */ = {isa = PBXBuildFile; fileRef = 47F5232426015BF500E45FBD /* BaseViewController.swift */; };
		47F5232E26015FD000E45FBD /* SpaceXLaunchesViewModel.swift in Sources */ = {isa = PBXBuildFile; fileRef = 47F5232D26015FD000E45FBD /* SpaceXLaunchesViewModel.swift */; };
		47F523332601631D00E45FBD /* SpaceService.swift in Sources */ = {isa = PBXBuildFile; fileRef = 47F523322601631D00E45FBD /* SpaceService.swift */; };
		47F523382601642100E45FBD /* Result.swift in Sources */ = {isa = PBXBuildFile; fileRef = 47F523372601642100E45FBD /* Result.swift */; };
		47F5233B2601653A00E45FBD /* LauncherFetcher.swift in Sources */ = {isa = PBXBuildFile; fileRef = 47F5233A2601653A00E45FBD /* LauncherFetcher.swift */; };
		47F5233F2601674C00E45FBD /* SpaceXLaunches.swift in Sources */ = {isa = PBXBuildFile; fileRef = 47F5233E2601674C00E45FBD /* SpaceXLaunches.swift */; };
		47F523432601680600E45FBD /* DataModelError.swift in Sources */ = {isa = PBXBuildFile; fileRef = 47F523422601680600E45FBD /* DataModelError.swift */; };
		47F5234626016E0F00E45FBD /* SpaceXClient.swift in Sources */ = {isa = PBXBuildFile; fileRef = 47F5234526016E0F00E45FBD /* SpaceXClient.swift */; };
		47F523E226022FD600E45FBD /* LaunchesCell.swift in Sources */ = {isa = PBXBuildFile; fileRef = 47F523E026022FD600E45FBD /* LaunchesCell.swift */; };
		47F523E326022FD600E45FBD /* LaunchesCell.xib in Resources */ = {isa = PBXBuildFile; fileRef = 47F523E126022FD600E45FBD /* LaunchesCell.xib */; };
		47F5242726027C4500E45FBD /* R.generated.swift in Sources */ = {isa = PBXBuildFile; fileRef = 47F5242626027C4500E45FBD /* R.generated.swift */; };
		47F5242A26028A3400E45FBD /* SpaceXDetailLaunchViewController.swift in Sources */ = {isa = PBXBuildFile; fileRef = 47F5242926028A3300E45FBD /* SpaceXDetailLaunchViewController.swift */; };
/* End PBXBuildFile section */

/* Begin PBXFileReference section */
		1FF5DEA330C80ED6FFB067E4 /* Pods-SpaceXLaunches.debug.xcconfig */ = {isa = PBXFileReference; includeInIndex = 1; lastKnownFileType = text.xcconfig; name = "Pods-SpaceXLaunches.debug.xcconfig"; path = "Target Support Files/Pods-SpaceXLaunches/Pods-SpaceXLaunches.debug.xcconfig"; sourceTree = "<group>"; };
		47F522F42600D01500E45FBD /* SpaceXLaunches.app */ = {isa = PBXFileReference; explicitFileType = wrapper.application; includeInIndex = 0; path = SpaceXLaunches.app; sourceTree = BUILT_PRODUCTS_DIR; };
		47F522F72600D01500E45FBD /* AppDelegate.swift */ = {isa = PBXFileReference; lastKnownFileType = sourcecode.swift; path = AppDelegate.swift; sourceTree = "<group>"; };
		47F522F92600D01500E45FBD /* SceneDelegate.swift */ = {isa = PBXFileReference; lastKnownFileType = sourcecode.swift; path = SceneDelegate.swift; sourceTree = "<group>"; };
		47F522FB2600D01500E45FBD /* SpaceXLaunchesViewController.swift */ = {isa = PBXFileReference; lastKnownFileType = sourcecode.swift; path = SpaceXLaunchesViewController.swift; sourceTree = "<group>"; };
		47F522FE2600D01500E45FBD /* Base */ = {isa = PBXFileReference; lastKnownFileType = file.storyboard; name = Base; path = Base.lproj/Main.storyboard; sourceTree = "<group>"; };
		47F523012600D01500E45FBD /* SpaceXLaunches.xcdatamodel */ = {isa = PBXFileReference; lastKnownFileType = wrapper.xcdatamodel; path = SpaceXLaunches.xcdatamodel; sourceTree = "<group>"; };
		47F523032600D01700E45FBD /* Assets.xcassets */ = {isa = PBXFileReference; lastKnownFileType = folder.assetcatalog; path = Assets.xcassets; sourceTree = "<group>"; };
		47F523062600D01700E45FBD /* Base */ = {isa = PBXFileReference; lastKnownFileType = file.storyboard; name = Base; path = Base.lproj/LaunchScreen.storyboard; sourceTree = "<group>"; };
		47F523082600D01700E45FBD /* Info.plist */ = {isa = PBXFileReference; lastKnownFileType = text.plist.xml; path = Info.plist; sourceTree = "<group>"; };
		47F5232426015BF500E45FBD /* BaseViewController.swift */ = {isa = PBXFileReference; lastKnownFileType = sourcecode.swift; path = BaseViewController.swift; sourceTree = "<group>"; };
		47F5232D26015FD000E45FBD /* SpaceXLaunchesViewModel.swift */ = {isa = PBXFileReference; lastKnownFileType = sourcecode.swift; path = SpaceXLaunchesViewModel.swift; sourceTree = "<group>"; };
		47F523322601631D00E45FBD /* SpaceService.swift */ = {isa = PBXFileReference; lastKnownFileType = sourcecode.swift; path = SpaceService.swift; sourceTree = "<group>"; };
		47F523372601642100E45FBD /* Result.swift */ = {isa = PBXFileReference; lastKnownFileType = sourcecode.swift; path = Result.swift; sourceTree = "<group>"; };
		47F5233A2601653A00E45FBD /* LauncherFetcher.swift */ = {isa = PBXFileReference; lastKnownFileType = sourcecode.swift; path = LauncherFetcher.swift; sourceTree = "<group>"; };
		47F5233E2601674C00E45FBD /* SpaceXLaunches.swift */ = {isa = PBXFileReference; lastKnownFileType = sourcecode.swift; path = SpaceXLaunches.swift; sourceTree = "<group>"; };
		47F523422601680600E45FBD /* DataModelError.swift */ = {isa = PBXFileReference; lastKnownFileType = sourcecode.swift; path = DataModelError.swift; sourceTree = "<group>"; };
		47F5234526016E0F00E45FBD /* SpaceXClient.swift */ = {isa = PBXFileReference; lastKnownFileType = sourcecode.swift; path = SpaceXClient.swift; sourceTree = "<group>"; };
		47F523E026022FD600E45FBD /* LaunchesCell.swift */ = {isa = PBXFileReference; lastKnownFileType = sourcecode.swift; path = LaunchesCell.swift; sourceTree = "<group>"; };
		47F523E126022FD600E45FBD /* LaunchesCell.xib */ = {isa = PBXFileReference; lastKnownFileType = file.xib; path = LaunchesCell.xib; sourceTree = "<group>"; };
		47F5242626027C4500E45FBD /* R.generated.swift */ = {isa = PBXFileReference; fileEncoding = 4; lastKnownFileType = sourcecode.swift; path = R.generated.swift; sourceTree = SOURCE_ROOT; };
		47F5242926028A3300E45FBD /* SpaceXDetailLaunchViewController.swift */ = {isa = PBXFileReference; lastKnownFileType = sourcecode.swift; path = SpaceXDetailLaunchViewController.swift; sourceTree = "<group>"; };
		47F5242C26028DDE00E45FBD /* SpaceXLaunches-Bridging-Header.h */ = {isa = PBXFileReference; lastKnownFileType = sourcecode.c.h; path = "SpaceXLaunches-Bridging-Header.h"; sourceTree = "<group>"; };
		704D8F08D779DC6B67EB8A28 /* Pods_SpaceXLaunches.framework */ = {isa = PBXFileReference; explicitFileType = wrapper.framework; includeInIndex = 0; path = Pods_SpaceXLaunches.framework; sourceTree = BUILT_PRODUCTS_DIR; };
		B488C888D2BA2F02BD07D298 /* Pods-SpaceXLaunches.release.xcconfig */ = {isa = PBXFileReference; includeInIndex = 1; lastKnownFileType = text.xcconfig; name = "Pods-SpaceXLaunches.release.xcconfig"; path = "Target Support Files/Pods-SpaceXLaunches/Pods-SpaceXLaunches.release.xcconfig"; sourceTree = "<group>"; };
/* End PBXFileReference section */

/* Begin PBXFrameworksBuildPhase section */
		47F522F12600D01500E45FBD /* Frameworks */ = {
			isa = PBXFrameworksBuildPhase;
			buildActionMask = 2147483647;
			files = (
				46F2153722DBDF53A093F37F /* Pods_SpaceXLaunches.framework in Frameworks */,
			);
			runOnlyForDeploymentPostprocessing = 0;
		};
/* End PBXFrameworksBuildPhase section */

/* Begin PBXGroup section */
		47F522EB2600D01500E45FBD = {
			isa = PBXGroup;
			children = (
				47F522F62600D01500E45FBD /* SpaceXLaunches */,
				47F522F52600D01500E45FBD /* Products */,
				548CFAC23AEE00748FBD8DA8 /* Pods */,
				C0279665D2B74A9345BF75E6 /* Frameworks */,
			);
			sourceTree = "<group>";
		};
		47F522F52600D01500E45FBD /* Products */ = {
			isa = PBXGroup;
			children = (
				47F522F42600D01500E45FBD /* SpaceXLaunches.app */,
			);
			name = Products;
			sourceTree = "<group>";
		};
		47F522F62600D01500E45FBD /* SpaceXLaunches */ = {
			isa = PBXGroup;
			children = (
				47F5231F26015B7B00E45FBD /* Source */,
				47F5231926015A1400E45FBD /* Application */,
				47F523082600D01700E45FBD /* Info.plist */,
				47F5242626027C4500E45FBD /* R.generated.swift */,
				47F5242C26028DDE00E45FBD /* SpaceXLaunches-Bridging-Header.h */,
			);
			path = SpaceXLaunches;
			sourceTree = "<group>";
		};
		47F5231926015A1400E45FBD /* Application */ = {
			isa = PBXGroup;
			children = (
				47F522F72600D01500E45FBD /* AppDelegate.swift */,
				47F522F92600D01500E45FBD /* SceneDelegate.swift */,
				47F523052600D01700E45FBD /* LaunchScreen.storyboard */,
				47F523032600D01700E45FBD /* Assets.xcassets */,
			);
			path = Application;
			sourceTree = "<group>";
		};
		47F5231F26015B7B00E45FBD /* Source */ = {
			isa = PBXGroup;
			children = (
				47F5232026015BA000E45FBD /* App */,
			);
			path = Source;
			sourceTree = "<group>";
		};
		47F5232026015BA000E45FBD /* App */ = {
			isa = PBXGroup;
			children = (
				47F52330260160DB00E45FBD /* Data */,
				47F5232126015BA900E45FBD /* UI */,
				47F5232826015C9800E45FBD /* Core */,
			);
			path = App;
			sourceTree = "<group>";
		};
		47F5232126015BA900E45FBD /* UI */ = {
			isa = PBXGroup;
			children = (
				47F5232326015BD100E45FBD /* Other */,
				47F5232226015BB800E45FBD /* Base */,
			);
			path = UI;
			sourceTree = "<group>";
		};
		47F5232226015BB800E45FBD /* Base */ = {
			isa = PBXGroup;
			children = (
				47F5232426015BF500E45FBD /* BaseViewController.swift */,
			);
			path = Base;
			sourceTree = "<group>";
		};
		47F5232326015BD100E45FBD /* Other */ = {
			isa = PBXGroup;
			children = (
				47F5232B26015F2000E45FBD /* Cell */,
				47F522FB2600D01500E45FBD /* SpaceXLaunchesViewController.swift */,
				47F522FD2600D01500E45FBD /* Main.storyboard */,
				47F5242926028A3300E45FBD /* SpaceXDetailLaunchViewController.swift */,
			);
			path = Other;
			sourceTree = "<group>";
		};
		47F5232826015C9800E45FBD /* Core */ = {
			isa = PBXGroup;
			children = (
				47F5232926015CA000E45FBD /* ViewModel */,
			);
			path = Core;
			sourceTree = "<group>";
		};
		47F5232926015CA000E45FBD /* ViewModel */ = {
			isa = PBXGroup;
			children = (
				47F5232D26015FD000E45FBD /* SpaceXLaunchesViewModel.swift */,
			);
			path = ViewModel;
			sourceTree = "<group>";
		};
		47F5232B26015F2000E45FBD /* Cell */ = {
			isa = PBXGroup;
			children = (
				47F523E026022FD600E45FBD /* LaunchesCell.swift */,
				47F523E126022FD600E45FBD /* LaunchesCell.xib */,
			);
			path = Cell;
			sourceTree = "<group>";
		};
		47F52330260160DB00E45FBD /* Data */ = {
			isa = PBXGroup;
			children = (
				47F5233D2601673900E45FBD /* Model */,
				47F523362601641200E45FBD /* Utility */,
				47F52331260160E700E45FBD /* Service */,
				47F5234526016E0F00E45FBD /* SpaceXClient.swift */,
			);
			path = Data;
			sourceTree = "<group>";
		};
		47F52331260160E700E45FBD /* Service */ = {
			isa = PBXGroup;
			children = (
				47F523322601631D00E45FBD /* SpaceService.swift */,
				47F5233A2601653A00E45FBD /* LauncherFetcher.swift */,
			);
			path = Service;
			sourceTree = "<group>";
		};
		47F523362601641200E45FBD /* Utility */ = {
			isa = PBXGroup;
			children = (
				47F523372601642100E45FBD /* Result.swift */,
			);
			path = Utility;
			sourceTree = "<group>";
		};
		47F5233D2601673900E45FBD /* Model */ = {
			isa = PBXGroup;
			children = (
				47F523572601947700E45FBD /* Database */,
				47F5233E2601674C00E45FBD /* SpaceXLaunches.swift */,
				47F523422601680600E45FBD /* DataModelError.swift */,
			);
			path = Model;
			sourceTree = "<group>";
		};
		47F523572601947700E45FBD /* Database */ = {
			isa = PBXGroup;
			children = (
				47F523002600D01500E45FBD /* SpaceXLaunches.xcdatamodeld */,
			);
			path = Database;
			sourceTree = "<group>";
		};
		548CFAC23AEE00748FBD8DA8 /* Pods */ = {
			isa = PBXGroup;
			children = (
				1FF5DEA330C80ED6FFB067E4 /* Pods-SpaceXLaunches.debug.xcconfig */,
				B488C888D2BA2F02BD07D298 /* Pods-SpaceXLaunches.release.xcconfig */,
			);
			path = Pods;
			sourceTree = "<group>";
		};
		C0279665D2B74A9345BF75E6 /* Frameworks */ = {
			isa = PBXGroup;
			children = (
				704D8F08D779DC6B67EB8A28 /* Pods_SpaceXLaunches.framework */,
			);
			name = Frameworks;
			sourceTree = "<group>";
		};
/* End PBXGroup section */

/* Begin PBXNativeTarget section */
		47F522F32600D01500E45FBD /* SpaceXLaunches */ = {
			isa = PBXNativeTarget;
			buildConfigurationList = 47F5230B2600D01700E45FBD /* Build configuration list for PBXNativeTarget "SpaceXLaunches" */;
			buildPhases = (
				B431C34B4A1A64B17C99E9FB /* [CP] Check Pods Manifest.lock */,
				47F52420260276B100E45FBD /* ShellScript */,
				47F522F02600D01500E45FBD /* Sources */,
				47F522F12600D01500E45FBD /* Frameworks */,
				47F522F22600D01500E45FBD /* Resources */,
				8A675E1752A0263BE12FDE9D /* [CP] Embed Pods Frameworks */,
			);
			buildRules = (
			);
			dependencies = (
			);
			name = SpaceXLaunches;
			productName = SpaceXLaunches;
			productReference = 47F522F42600D01500E45FBD /* SpaceXLaunches.app */;
			productType = "com.apple.product-type.application";
		};
/* End PBXNativeTarget section */

/* Begin PBXProject section */
		47F522EC2600D01500E45FBD /* Project object */ = {
			isa = PBXProject;
			attributes = {
				LastSwiftUpdateCheck = 1240;
				LastUpgradeCheck = 1240;
				TargetAttributes = {
					47F522F32600D01500E45FBD = {
						CreatedOnToolsVersion = 12.4;
						LastSwiftMigration = 1240;
					};
				};
			};
			buildConfigurationList = 47F522EF2600D01500E45FBD /* Build configuration list for PBXProject "SpaceXLaunches" */;
			compatibilityVersion = "Xcode 9.3";
			developmentRegion = en;
			hasScannedForEncodings = 0;
			knownRegions = (
				en,
				Base,
			);
			mainGroup = 47F522EB2600D01500E45FBD;
			productRefGroup = 47F522F52600D01500E45FBD /* Products */;
			projectDirPath = "";
			projectRoot = "";
			targets = (
				47F522F32600D01500E45FBD /* SpaceXLaunches */,
			);
		};
/* End PBXProject section */

/* Begin PBXResourcesBuildPhase section */
		47F522F22600D01500E45FBD /* Resources */ = {
			isa = PBXResourcesBuildPhase;
			buildActionMask = 2147483647;
			files = (
				47F523E326022FD600E45FBD /* LaunchesCell.xib in Resources */,
				47F523072600D01700E45FBD /* LaunchScreen.storyboard in Resources */,
				47F523042600D01700E45FBD /* Assets.xcassets in Resources */,
				47F522FF2600D01500E45FBD /* Main.storyboard in Resources */,
			);
			runOnlyForDeploymentPostprocessing = 0;
		};
/* End PBXResourcesBuildPhase section */

/* Begin PBXShellScriptBuildPhase section */
		47F52420260276B100E45FBD /* ShellScript */ = {
			isa = PBXShellScriptBuildPhase;
			buildActionMask = 2147483647;
			files = (
			);
			inputFileListPaths = (
			);
			inputPaths = (
				"$TEMP_DIR/rswift-lastrun",
			);
			outputFileListPaths = (
			);
			outputPaths = (
				$SRCROOT/R.generated.swift,
			);
			runOnlyForDeploymentPostprocessing = 0;
			shellPath = /bin/sh;
			shellScript = "# Type a script or drag a script file from your workspace to insert its path.\n\"$PODS_ROOT/R.swift/rswift\" generate \"$SRCROOT/R.generated.swift\"\n";
		};
		8A675E1752A0263BE12FDE9D /* [CP] Embed Pods Frameworks */ = {
			isa = PBXShellScriptBuildPhase;
			buildActionMask = 2147483647;
			files = (
			);
			inputFileListPaths = (
				"${PODS_ROOT}/Target Support Files/Pods-SpaceXLaunches/Pods-SpaceXLaunches-frameworks-${CONFIGURATION}-input-files.xcfilelist",
			);
			name = "[CP] Embed Pods Frameworks";
			outputFileListPaths = (
				"${PODS_ROOT}/Target Support Files/Pods-SpaceXLaunches/Pods-SpaceXLaunches-frameworks-${CONFIGURATION}-output-files.xcfilelist",
			);
			runOnlyForDeploymentPostprocessing = 0;
			shellPath = /bin/sh;
			shellScript = "\"${PODS_ROOT}/Target Support Files/Pods-SpaceXLaunches/Pods-SpaceXLaunches-frameworks.sh\"\n";
			showEnvVarsInLog = 0;
		};
		B431C34B4A1A64B17C99E9FB /* [CP] Check Pods Manifest.lock */ = {
			isa = PBXShellScriptBuildPhase;
			buildActionMask = 2147483647;
			files = (
			);
			inputFileListPaths = (
			);
			inputPaths = (
				"${PODS_PODFILE_DIR_PATH}/Podfile.lock",
				"${PODS_ROOT}/Manifest.lock",
			);
			name = "[CP] Check Pods Manifest.lock";
			outputFileListPaths = (
			);
			outputPaths = (
				"$(DERIVED_FILE_DIR)/Pods-SpaceXLaunches-checkManifestLockResult.txt",
			);
			runOnlyForDeploymentPostprocessing = 0;
			shellPath = /bin/sh;
			shellScript = "diff \"${PODS_PODFILE_DIR_PATH}/Podfile.lock\" \"${PODS_ROOT}/Manifest.lock\" > /dev/null\nif [ $? != 0 ] ; then\n    # print error to STDERR\n    echo \"error: The sandbox is not in sync with the Podfile.lock. Run 'pod install' or update your CocoaPods installation.\" >&2\n    exit 1\nfi\n# This output is used by Xcode 'outputs' to avoid re-running this script phase.\necho \"SUCCESS\" > \"${SCRIPT_OUTPUT_FILE_0}\"\n";
			showEnvVarsInLog = 0;
		};
/* End PBXShellScriptBuildPhase section */

/* Begin PBXSourcesBuildPhase section */
		47F522F02600D01500E45FBD /* Sources */ = {
			isa = PBXSourcesBuildPhase;
			buildActionMask = 2147483647;
			files = (
				47F5232526015BF500E45FBD /* BaseViewController.swift in Sources */,
				47F5242726027C4500E45FBD /* R.generated.swift in Sources */,
				47F522FC2600D01500E45FBD /* SpaceXLaunchesViewController.swift in Sources */,
				47F523332601631D00E45FBD /* SpaceService.swift in Sources */,
				47F522F82600D01500E45FBD /* AppDelegate.swift in Sources */,
				47F5234626016E0F00E45FBD /* SpaceXClient.swift in Sources */,
				47F5242A26028A3400E45FBD /* SpaceXDetailLaunchViewController.swift in Sources */,
				47F5232E26015FD000E45FBD /* SpaceXLaunchesViewModel.swift in Sources */,
				47F523022600D01500E45FBD /* SpaceXLaunches.xcdatamodeld in Sources */,
				47F5233F2601674C00E45FBD /* SpaceXLaunches.swift in Sources */,
				47F523E226022FD600E45FBD /* LaunchesCell.swift in Sources */,
				47F523382601642100E45FBD /* Result.swift in Sources */,
				47F5233B2601653A00E45FBD /* LauncherFetcher.swift in Sources */,
				47F523432601680600E45FBD /* DataModelError.swift in Sources */,
				47F522FA2600D01500E45FBD /* SceneDelegate.swift in Sources */,
			);
			runOnlyForDeploymentPostprocessing = 0;
		};
/* End PBXSourcesBuildPhase section */

/* Begin PBXVariantGroup section */
		47F522FD2600D01500E45FBD /* Main.storyboard */ = {
			isa = PBXVariantGroup;
			children = (
				47F522FE2600D01500E45FBD /* Base */,
			);
			name = Main.storyboard;
			sourceTree = "<group>";
		};
		47F523052600D01700E45FBD /* LaunchScreen.storyboard */ = {
			isa = PBXVariantGroup;
			children = (
				47F523062600D01700E45FBD /* Base */,
			);
			name = LaunchScreen.storyboard;
			sourceTree = "<group>";
		};
/* End PBXVariantGroup section */

/* Begin XCBuildConfiguration section */
		47F523092600D01700E45FBD /* Debug */ = {
			isa = XCBuildConfiguration;
			buildSettings = {
				ALWAYS_SEARCH_USER_PATHS = NO;
				CLANG_ANALYZER_NONNULL = YES;
				CLANG_ANALYZER_NUMBER_OBJECT_CONVERSION = YES_AGGRESSIVE;
				CLANG_CXX_LANGUAGE_STANDARD = "gnu++14";
				CLANG_CXX_LIBRARY = "libc++";
				CLANG_ENABLE_MODULES = YES;
				CLANG_ENABLE_OBJC_ARC = YES;
				CLANG_ENABLE_OBJC_WEAK = YES;
				CLANG_WARN_BLOCK_CAPTURE_AUTORELEASING = YES;
				CLANG_WARN_BOOL_CONVERSION = YES;
				CLANG_WARN_COMMA = YES;
				CLANG_WARN_CONSTANT_CONVERSION = YES;
				CLANG_WARN_DEPRECATED_OBJC_IMPLEMENTATIONS = YES;
				CLANG_WARN_DIRECT_OBJC_ISA_USAGE = YES_ERROR;
				CLANG_WARN_DOCUMENTATION_COMMENTS = YES;
				CLANG_WARN_EMPTY_BODY = YES;
				CLANG_WARN_ENUM_CONVERSION = YES;
				CLANG_WARN_INFINITE_RECURSION = YES;
				CLANG_WARN_INT_CONVERSION = YES;
				CLANG_WARN_NON_LITERAL_NULL_CONVERSION = YES;
				CLANG_WARN_OBJC_IMPLICIT_RETAIN_SELF = YES;
				CLANG_WARN_OBJC_LITERAL_CONVERSION = YES;
				CLANG_WARN_OBJC_ROOT_CLASS = YES_ERROR;
				CLANG_WARN_QUOTED_INCLUDE_IN_FRAMEWORK_HEADER = YES;
				CLANG_WARN_RANGE_LOOP_ANALYSIS = YES;
				CLANG_WARN_STRICT_PROTOTYPES = YES;
				CLANG_WARN_SUSPICIOUS_MOVE = YES;
				CLANG_WARN_UNGUARDED_AVAILABILITY = YES_AGGRESSIVE;
				CLANG_WARN_UNREACHABLE_CODE = YES;
				CLANG_WARN__DUPLICATE_METHOD_MATCH = YES;
				COPY_PHASE_STRIP = NO;
				DEBUG_INFORMATION_FORMAT = dwarf;
				ENABLE_STRICT_OBJC_MSGSEND = YES;
				ENABLE_TESTABILITY = YES;
				GCC_C_LANGUAGE_STANDARD = gnu11;
				GCC_DYNAMIC_NO_PIC = NO;
				GCC_NO_COMMON_BLOCKS = YES;
				GCC_OPTIMIZATION_LEVEL = 0;
				GCC_PREPROCESSOR_DEFINITIONS = (
					"DEBUG=1",
					"$(inherited)",
				);
				GCC_WARN_64_TO_32_BIT_CONVERSION = YES;
				GCC_WARN_ABOUT_RETURN_TYPE = YES_ERROR;
				GCC_WARN_UNDECLARED_SELECTOR = YES;
				GCC_WARN_UNINITIALIZED_AUTOS = YES_AGGRESSIVE;
				GCC_WARN_UNUSED_FUNCTION = YES;
				GCC_WARN_UNUSED_VARIABLE = YES;
				IPHONEOS_DEPLOYMENT_TARGET = 14.4;
				MTL_ENABLE_DEBUG_INFO = INCLUDE_SOURCE;
				MTL_FAST_MATH = YES;
				ONLY_ACTIVE_ARCH = YES;
				SDKROOT = iphoneos;
				SWIFT_ACTIVE_COMPILATION_CONDITIONS = DEBUG;
				SWIFT_OPTIMIZATION_LEVEL = "-Onone";
			};
			name = Debug;
		};
		47F5230A2600D01700E45FBD /* Release */ = {
			isa = XCBuildConfiguration;
			buildSettings = {
				ALWAYS_SEARCH_USER_PATHS = NO;
				CLANG_ANALYZER_NONNULL = YES;
				CLANG_ANALYZER_NUMBER_OBJECT_CONVERSION = YES_AGGRESSIVE;
				CLANG_CXX_LANGUAGE_STANDARD = "gnu++14";
				CLANG_CXX_LIBRARY = "libc++";
				CLANG_ENABLE_MODULES = YES;
				CLANG_ENABLE_OBJC_ARC = YES;
				CLANG_ENABLE_OBJC_WEAK = YES;
				CLANG_WARN_BLOCK_CAPTURE_AUTORELEASING = YES;
				CLANG_WARN_BOOL_CONVERSION = YES;
				CLANG_WARN_COMMA = YES;
				CLANG_WARN_CONSTANT_CONVERSION = YES;
				CLANG_WARN_DEPRECATED_OBJC_IMPLEMENTATIONS = YES;
				CLANG_WARN_DIRECT_OBJC_ISA_USAGE = YES_ERROR;
				CLANG_WARN_DOCUMENTATION_COMMENTS = YES;
				CLANG_WARN_EMPTY_BODY = YES;
				CLANG_WARN_ENUM_CONVERSION = YES;
				CLANG_WARN_INFINITE_RECURSION = YES;
				CLANG_WARN_INT_CONVERSION = YES;
				CLANG_WARN_NON_LITERAL_NULL_CONVERSION = YES;
				CLANG_WARN_OBJC_IMPLICIT_RETAIN_SELF = YES;
				CLANG_WARN_OBJC_LITERAL_CONVERSION = YES;
				CLANG_WARN_OBJC_ROOT_CLASS = YES_ERROR;
				CLANG_WARN_QUOTED_INCLUDE_IN_FRAMEWORK_HEADER = YES;
				CLANG_WARN_RANGE_LOOP_ANALYSIS = YES;
				CLANG_WARN_STRICT_PROTOTYPES = YES;
				CLANG_WARN_SUSPICIOUS_MOVE = YES;
				CLANG_WARN_UNGUARDED_AVAILABILITY = YES_AGGRESSIVE;
				CLANG_WARN_UNREACHABLE_CODE = YES;
				CLANG_WARN__DUPLICATE_METHOD_MATCH = YES;
				COPY_PHASE_STRIP = NO;
				DEBUG_INFORMATION_FORMAT = "dwarf-with-dsym";
				ENABLE_NS_ASSERTIONS = NO;
				ENABLE_STRICT_OBJC_MSGSEND = YES;
				GCC_C_LANGUAGE_STANDARD = gnu11;
				GCC_NO_COMMON_BLOCKS = YES;
				GCC_WARN_64_TO_32_BIT_CONVERSION = YES;
				GCC_WARN_ABOUT_RETURN_TYPE = YES_ERROR;
				GCC_WARN_UNDECLARED_SELECTOR = YES;
				GCC_WARN_UNINITIALIZED_AUTOS = YES_AGGRESSIVE;
				GCC_WARN_UNUSED_FUNCTION = YES;
				GCC_WARN_UNUSED_VARIABLE = YES;
				IPHONEOS_DEPLOYMENT_TARGET = 14.4;
				MTL_ENABLE_DEBUG_INFO = NO;
				MTL_FAST_MATH = YES;
				SDKROOT = iphoneos;
				SWIFT_COMPILATION_MODE = wholemodule;
				SWIFT_OPTIMIZATION_LEVEL = "-O";
				VALIDATE_PRODUCT = YES;
			};
			name = Release;
		};
		47F5230C2600D01700E45FBD /* Debug */ = {
			isa = XCBuildConfiguration;
			baseConfigurationReference = 1FF5DEA330C80ED6FFB067E4 /* Pods-SpaceXLaunches.debug.xcconfig */;
			buildSettings = {
				ASSETCATALOG_COMPILER_APPICON_NAME = AppIcon;
				ASSETCATALOG_COMPILER_GLOBAL_ACCENT_COLOR_NAME = AccentColor;
				CLANG_ENABLE_MODULES = YES;
				CODE_SIGN_STYLE = Automatic;
				DEVELOPMENT_TEAM = JPNBUYVTC7;
				INFOPLIST_FILE = SpaceXLaunches/Info.plist;
				LD_RUNPATH_SEARCH_PATHS = (
					"$(inherited)",
					"@executable_path/Frameworks",
				);
				PRODUCT_BUNDLE_IDENTIFIER = henry.SpaceXLaunches;
				PRODUCT_NAME = "$(TARGET_NAME)";
				SWIFT_OBJC_BRIDGING_HEADER = "SpaceXLaunches/SpaceXLaunches-Bridging-Header.h";
				SWIFT_OPTIMIZATION_LEVEL = "-Onone";
				SWIFT_VERSION = 5.0;
				TARGETED_DEVICE_FAMILY = "1,2";
			};
			name = Debug;
		};
		47F5230D2600D01700E45FBD /* Release */ = {
			isa = XCBuildConfiguration;
			baseConfigurationReference = B488C888D2BA2F02BD07D298 /* Pods-SpaceXLaunches.release.xcconfig */;
			buildSettings = {
				ASSETCATALOG_COMPILER_APPICON_NAME = AppIcon;
				ASSETCATALOG_COMPILER_GLOBAL_ACCENT_COLOR_NAME = AccentColor;
				CLANG_ENABLE_MODULES = YES;
				CODE_SIGN_STYLE = Automatic;
				DEVELOPMENT_TEAM = JPNBUYVTC7;
				INFOPLIST_FILE = SpaceXLaunches/Info.plist;
				LD_RUNPATH_SEARCH_PATHS = (
					"$(inherited)",
					"@executable_path/Frameworks",
				);
				PRODUCT_BUNDLE_IDENTIFIER = henry.SpaceXLaunches;
				PRODUCT_NAME = "$(TARGET_NAME)";
				SWIFT_OBJC_BRIDGING_HEADER = "SpaceXLaunches/SpaceXLaunches-Bridging-Header.h";
				SWIFT_VERSION = 5.0;
				TARGETED_DEVICE_FAMILY = "1,2";
			};
			name = Release;
		};
/* End XCBuildConfiguration section */

/* Begin XCConfigurationList section */
		47F522EF2600D01500E45FBD /* Build configuration list for PBXProject "SpaceXLaunches" */ = {
			isa = XCConfigurationList;
			buildConfigurations = (
				47F523092600D01700E45FBD /* Debug */,
				47F5230A2600D01700E45FBD /* Release */,
			);
			defaultConfigurationIsVisible = 0;
			defaultConfigurationName = Release;
		};
		47F5230B2600D01700E45FBD /* Build configuration list for PBXNativeTarget "SpaceXLaunches" */ = {
			isa = XCConfigurationList;
			buildConfigurations = (
				47F5230C2600D01700E45FBD /* Debug */,
				47F5230D2600D01700E45FBD /* Release */,
			);
			defaultConfigurationIsVisible = 0;
			defaultConfigurationName = Release;
		};
/* End XCConfigurationList section */

/* Begin XCVersionGroup section */
		47F523002600D01500E45FBD /* SpaceXLaunches.xcdatamodeld */ = {
			isa = XCVersionGroup;
			children = (
				47F523012600D01500E45FBD /* SpaceXLaunches.xcdatamodel */,
			);
			currentVersion = 47F523012600D01500E45FBD /* SpaceXLaunches.xcdatamodel */;
			path = SpaceXLaunches.xcdatamodeld;
			sourceTree = "<group>";
			versionGroupType = wrapper.xcdatamodel;
		};
/* End XCVersionGroup section */
	};
	rootObject = 47F522EC2600D01500E45FBD /* Project object */;
}
